
Microsoft Visual Studio Solution File, Format Version 12.00
# Visual Studio Version 17
VisualStudioVersion = 17.0.31903.59
MinimumVisualStudioVersion = 10.0.40219.1
Project("{2150E333-8FDC-42A3-9474-1A3956D46DE8}") = "src", "src", "{C88A7D89-A467-45B2-AA83-02419BDD5BB7}"
EndProject
Project("{FAE04EC0-301F-11D3-BF4B-00C04F79EFBC}") = "ErpBridge.Shared", "src\ErpBridge.Shared\ErpBridge.Shared.csproj", "{4F80B63B-FBF1-4C60-AEAA-1FD75AC4F7EE}"
EndProject
Project("{FAE04EC0-301F-11D3-BF4B-00C04F79EFBC}") = "ErpBridge.Erp.Abstractions", "src\ErpBridge.Erp.Abstractions\ErpBridge.Erp.Abstractions.csproj", "{61DB7F06-9687-40F2-B9D6-243926B6DAA8}"
EndProject
Project("{FAE04EC0-301F-11D3-BF4B-00C04F79EFBC}") = "ErpBridge.Core", "src\ErpBridge.Core\ErpBridge.Core.csproj", "{B18FA303-6C32-44DB-A913-3B7FE929967E}"
EndProject
Project("{FAE04EC0-301F-11D3-BF4B-00C04F79EFBC}") = "ErpBridge.RemoteApi", "src\ErpBridge.RemoteApi\ErpBridge.RemoteApi.csproj", "{F65164E8-C5E8-4D20-98C2-475FB37AA15E}"
EndProject
Project("{FAE04EC0-301F-11D3-BF4B-00C04F79EFBC}") = "ErpBridge.Agent.Service", "src\ErpBridge.Agent.Service\ErpBridge.Agent.Service.csproj", "{89097BAD-9A23-429A-9038-B71D058FE1B7}"
EndProject
Project("{FAE04EC0-301F-11D3-BF4B-00C04F79EFBC}") = "ErpBridge.Agent.UI", "src\ErpBridge.Agent.UI\ErpBridge.Agent.UI.csproj", "{76055CB4-D6FE-48DB-8183-3BE7970DCD32}"
EndProject
Project("{2150E333-8FDC-42A3-9474-1A3956D46DE8}") = "tests", "tests", "{5B69AD24-3D7F-4A32-8177-CD284DDDAF8C}"
EndProject
Project("{FAE04EC0-301F-11D3-BF4B-00C04F79EFBC}") = "ErpBridge.Core.Tests", "tests\ErpBridge.Core.Tests\ErpBridge.Core.Tests.csproj", "{04FEC74A-F281-4D15-BB6B-6B7C06BE26A7}"
EndProject
Project("{FAE04EC0-301F-11D3-BF4B-00C04F79EFBC}") = "ErpBridge.Erp.Mikro", "src\ErpBridge.Erp.Mikro\ErpBridge.Erp.Mikro.csproj", "{53AF23AA-E150-48F5-8BAD-4AEAB5C8DD00}"
EndProject
Project("{FAE04EC0-301F-11D3-BF4B-00C04F79EFBC}") = "ErpBridge.LocalStore", "src\ErpBridge.LocalStore\ErpBridge.LocalStore.csproj", "{0E7EFAC9-6401-4559-9212-20336D61F5A7}"
EndProject
Project("{FAE04EC0-301F-11D3-BF4B-00C04F79EFBC}") = "ErpBridge.LocalStore.Tests", "tests\ErpBridge.LocalStore.Tests\ErpBridge.LocalStore.Tests.csproj", "{8EDFCFE7-EFC0-4EE8-80F1-8D6C1DD7053C}"
EndProject
Project("{FAE04EC0-301F-11D3-BF4B-00C04F79EFBC}") = "ErpBridge.Erp.Mikro.Tests", "tests\ErpBridge.Erp.Mikro.Tests\ErpBridge.Erp.Mikro.Tests.csproj", "{CAB8C025-3338-4CEF-B487-291827DFA62A}"
EndProject
Project("{FAE04EC0-301F-11D3-BF4B-00C04F79EFBC}") = "ErpBridge.Shared.Tests", "tests\ErpBridge.Shared.Tests\ErpBridge.Shared.Tests.csproj", "{F7DEC13D-84E1-45A8-B914-FE545FE30E7B}"
EndProject
Project("{FAE04EC0-301F-11D3-BF4B-00C04F79EFBC}") = "ErpBridge.RemoteApi.Tests", "tests\ErpBridge.RemoteApi.Tests\ErpBridge.RemoteApi.Tests.csproj", "{BF59C6E7-010A-42F4-A427-6617112DD6C4}"
EndProject
Project("{FAE04EC0-301F-11D3-BF4B-00C04F79EFBC}") = "ErpBridge.CentralApi", "src\ErpBridge.CentralApi\ErpBridge.CentralApi.csproj", "{C07D3FD1-1153-4857-9115-56ACCDD5B3FC}"
EndProject
Project("{FAE04EC0-301F-11D3-BF4B-00C04F79EFBC}") = "ErpBridge.CentralApi.Tests", "tests\ErpBridge.CentralApi.Tests\ErpBridge.CentralApi.Tests.csproj", "{FB64BD6A-09D8-4664-B484-3EEB337AF116}"
EndProject
Project("{FAE04EC0-301F-11D3-BF4B-00C04F79EFBC}") = "ErpBridge.Agent.Service.Tests", "tests\ErpBridge.Agent.Service.Tests\ErpBridge.Agent.Service.Tests.csproj", "{0FEC4DAF-CD40-4BEC-A0F1-4D204BBFF93E}"
EndProject
Project("{FAE04EC0-301F-11D3-BF4B-00C04F79EFBC}") = "ErpBridge.Admin", "src\ErpBridge.Admin\ErpBridge.Admin.csproj", "{2AA85BB6-2492-452D-A403-230419CDB16F}"
EndProject
Project("{FAE04EC0-301F-11D3-BF4B-00C04F79EFBC}") = "ErpBridge.Admin.Tests", "tests\ErpBridge.Admin.Tests\ErpBridge.Admin.Tests.csproj", "{4D563956-918A-4FB2-848E-F1E5234747AD}"
EndProject
Global
	GlobalSection(SolutionConfigurationPlatforms) = preSolution
		Debug|Any CPU = Debug|Any CPU
		Debug|x64 = Debug|x64
		Debug|x86 = Debug|x86
		Release|Any CPU = Release|Any CPU
		Release|x64 = Release|x64
		Release|x86 = Release|x86
	EndGlobalSection
	GlobalSection(ProjectConfigurationPlatforms) = postSolution
		{4F80B63B-FBF1-4C60-AEAA-1FD75AC4F7EE}.Debug|Any CPU.ActiveCfg = Debug|Any CPU
		{4F80B63B-FBF1-4C60-AEAA-1FD75AC4F7EE}.Debug|Any CPU.Build.0 = Debug|Any CPU
		{4F80B63B-FBF1-4C60-AEAA-1FD75AC4F7EE}.Debug|x64.ActiveCfg = Debug|Any CPU
		{4F80B63B-FBF1-4C60-AEAA-1FD75AC4F7EE}.Debug|x64.Build.0 = Debug|Any CPU
		{4F80B63B-FBF1-4C60-AEAA-1FD75AC4F7EE}.Debug|x86.ActiveCfg = Debug|Any CPU
		{4F80B63B-FBF1-4C60-AEAA-1FD75AC4F7EE}.Debug|x86.Build.0 = Debug|Any CPU
		{4F80B63B-FBF1-4C60-AEAA-1FD75AC4F7EE}.Release|Any CPU.ActiveCfg = Release|Any CPU
		{4F80B63B-FBF1-4C60-AEAA-1FD75AC4F7EE}.Release|Any CPU.Build.0 = Release|Any CPU
		{4F80B63B-FBF1-4C60-AEAA-1FD75AC4F7EE}.Release|x64.ActiveCfg = Release|Any CPU
		{4F80B63B-FBF1-4C60-AEAA-1FD75AC4F7EE}.Release|x64.Build.0 = Release|Any CPU
		{4F80B63B-FBF1-4C60-AEAA-1FD75AC4F7EE}.Release|x86.ActiveCfg = Release|Any CPU
		{4F80B63B-FBF1-4C60-AEAA-1FD75AC4F7EE}.Release|x86.Build.0 = Release|Any CPU
		{61DB7F06-9687-40F2-B9D6-243926B6DAA8}.Debug|Any CPU.ActiveCfg = Debug|Any CPU
		{61DB7F06-9687-40F2-B9D6-243926B6DAA8}.Debug|Any CPU.Build.0 = Debug|Any CPU
		{61DB7F06-9687-40F2-B9D6-243926B6DAA8}.Debug|x64.ActiveCfg = Debug|Any CPU
		{61DB7F06-9687-40F2-B9D6-243926B6DAA8}.Debug|x64.Build.0 = Debug|Any CPU
		{61DB7F06-9687-40F2-B9D6-243926B6DAA8}.Debug|x86.ActiveCfg = Debug|Any CPU
		{61DB7F06-9687-40F2-B9D6-243926B6DAA8}.Debug|x86.Build.0 = Debug|Any CPU
		{61DB7F06-9687-40F2-B9D6-243926B6DAA8}.Release|Any CPU.ActiveCfg = Release|Any CPU
		{61DB7F06-9687-40F2-B9D6-243926B6DAA8}.Release|Any CPU.Build.0 = Release|Any CPU
		{61DB7F06-9687-40F2-B9D6-243926B6DAA8}.Release|x64.ActiveCfg = Release|Any CPU
		{61DB7F06-9687-40F2-B9D6-243926B6DAA8}.Release|x64.Build.0 = Release|Any CPU
		{61DB7F06-9687-40F2-B9D6-243926B6DAA8}.Release|x86.ActiveCfg = Release|Any CPU
		{61DB7F06-9687-40F2-B9D6-243926B6DAA8}.Release|x86.Build.0 = Release|Any CPU
		{B18FA303-6C32-44DB-A913-3B7FE929967E}.Debug|Any CPU.ActiveCfg = Debug|Any CPU
		{B18FA303-6C32-44DB-A913-3B7FE929967E}.Debug|Any CPU.Build.0 = Debug|Any CPU
		{B18FA303-6C32-44DB-A913-3B7FE929967E}.Debug|x64.ActiveCfg = Debug|Any CPU
		{B18FA303-6C32-44DB-A913-3B7FE929967E}.Debug|x64.Build.0 = Debug|Any CPU
		{B18FA303-6C32-44DB-A913-3B7FE929967E}.Debug|x86.ActiveCfg = Debug|Any CPU
		{B18FA303-6C32-44DB-A913-3B7FE929967E}.Debug|x86.Build.0 = Debug|Any CPU
		{B18FA303-6C32-44DB-A913-3B7FE929967E}.Release|Any CPU.ActiveCfg = Release|Any CPU
		{B18FA303-6C32-44DB-A913-3B7FE929967E}.Release|Any CPU.Build.0 = Release|Any CPU
		{B18FA303-6C32-44DB-A913-3B7FE929967E}.Release|x64.ActiveCfg = Release|Any CPU
		{B18FA303-6C32-44DB-A913-3B7FE929967E}.Release|x64.Build.0 = Release|Any CPU
		{B18FA303-6C32-44DB-A913-3B7FE929967E}.Release|x86.ActiveCfg = Release|Any CPU
		{B18FA303-6C32-44DB-A913-3B7FE929967E}.Release|x86.Build.0 = Release|Any CPU
		{F65164E8-C5E8-4D20-98C2-475FB37AA15E}.Debug|Any CPU.ActiveCfg = Debug|Any CPU
		{F65164E8-C5E8-4D20-98C2-475FB37AA15E}.Debug|Any CPU.Build.0 = Debug|Any CPU
		{F65164E8-C5E8-4D20-98C2-475FB37AA15E}.Debug|x64.ActiveCfg = Debug|Any CPU
		{F65164E8-C5E8-4D20-98C2-475FB37AA15E}.Debug|x64.Build.0 = Debug|Any CPU
		{F65164E8-C5E8-4D20-98C2-475FB37AA15E}.Debug|x86.ActiveCfg = Debug|Any CPU
		{F65164E8-C5E8-4D20-98C2-475FB37AA15E}.Debug|x86.Build.0 = Debug|Any CPU
		{F65164E8-C5E8-4D20-98C2-475FB37AA15E}.Release|Any CPU.ActiveCfg = Release|Any CPU
		{F65164E8-C5E8-4D20-98C2-475FB37AA15E}.Release|Any CPU.Build.0 = Release|Any CPU
		{F65164E8-C5E8-4D20-98C2-475FB37AA15E}.Release|x64.ActiveCfg = Release|Any CPU
		{F65164E8-C5E8-4D20-98C2-475FB37AA15E}.Release|x64.Build.0 = Release|Any CPU
		{F65164E8-C5E8-4D20-98C2-475FB37AA15E}.Release|x86.ActiveCfg = Release|Any CPU
		{F65164E8-C5E8-4D20-98C2-475FB37AA15E}.Release|x86.Build.0 = Release|Any CPU
		{89097BAD-9A23-429A-9038-B71D058FE1B7}.Debug|Any CPU.ActiveCfg = Debug|Any CPU
		{89097BAD-9A23-429A-9038-B71D058FE1B7}.Debug|Any CPU.Build.0 = Debug|Any CPU
		{89097BAD-9A23-429A-9038-B71D058FE1B7}.Debug|x64.ActiveCfg = Debug|Any CPU
		{89097BAD-9A23-429A-9038-B71D058FE1B7}.Debug|x64.Build.0 = Debug|Any CPU
		{89097BAD-9A23-429A-9038-B71D058FE1B7}.Debug|x86.ActiveCfg = Debug|Any CPU
		{89097BAD-9A23-429A-9038-B71D058FE1B7}.Debug|x86.Build.0 = Debug|Any CPU
		{89097BAD-9A23-429A-9038-B71D058FE1B7}.Release|Any CPU.ActiveCfg = Release|Any CPU
		{89097BAD-9A23-429A-9038-B71D058FE1B7}.Release|Any CPU.Build.0 = Release|Any CPU
		{89097BAD-9A23-429A-9038-B71D058FE1B7}.Release|x64.ActiveCfg = Release|Any CPU
		{89097BAD-9A23-429A-9038-B71D058FE1B7}.Release|x64.Build.0 = Release|Any CPU
		{89097BAD-9A23-429A-9038-B71D058FE1B7}.Release|x86.ActiveCfg = Release|Any CPU
		{89097BAD-9A23-429A-9038-B71D058FE1B7}.Release|x86.Build.0 = Release|Any CPU
		{76055CB4-D6FE-48DB-8183-3BE7970DCD32}.Debug|Any CPU.ActiveCfg = Debug|Any CPU
		{76055CB4-D6FE-48DB-8183-3BE7970DCD32}.Debug|Any CPU.Build.0 = Debug|Any CPU
		{76055CB4-D6FE-48DB-8183-3BE7970DCD32}.Debug|x64.ActiveCfg = Debug|Any CPU
		{76055CB4-D6FE-48DB-8183-3BE7970DCD32}.Debug|x64.Build.0 = Debug|Any CPU
		{76055CB4-D6FE-48DB-8183-3BE7970DCD32}.Debug|x86.ActiveCfg = Debug|Any CPU
		{76055CB4-D6FE-48DB-8183-3BE7970DCD32}.Debug|x86.Build.0 = Debug|Any CPU
		{76055CB4-D6FE-48DB-8183-3BE7970DCD32}.Release|Any CPU.ActiveCfg = Release|Any CPU
		{76055CB4-D6FE-48DB-8183-3BE7970DCD32}.Release|Any CPU.Build.0 = Release|Any CPU
		{76055CB4-D6FE-48DB-8183-3BE7970DCD32}.Release|x64.ActiveCfg = Release|Any CPU
		{76055CB4-D6FE-48DB-8183-3BE7970DCD32}.Release|x64.Build.0 = Release|Any CPU
		{76055CB4-D6FE-48DB-8183-3BE7970DCD32}.Release|x86.ActiveCfg = Release|Any CPU
		{76055CB4-D6FE-48DB-8183-3BE7970DCD32}.Release|x86.Build.0 = Release|Any CPU
		{04FEC74A-F281-4D15-BB6B-6B7C06BE26A7}.Debug|Any CPU.ActiveCfg = Debug|Any CPU
		{04FEC74A-F281-4D15-BB6B-6B7C06BE26A7}.Debug|Any CPU.Build.0 = Debug|Any CPU
		{04FEC74A-F281-4D15-BB6B-6B7C06BE26A7}.Debug|x64.ActiveCfg = Debug|Any CPU
		{04FEC74A-F281-4D15-BB6B-6B7C06BE26A7}.Debug|x64.Build.0 = Debug|Any CPU
		{04FEC74A-F281-4D15-BB6B-6B7C06BE26A7}.Debug|x86.ActiveCfg = Debug|Any CPU
		{04FEC74A-F281-4D15-BB6B-6B7C06BE26A7}.Debug|x86.Build.0 = Debug|Any CPU
		{04FEC74A-F281-4D15-BB6B-6B7C06BE26A7}.Release|Any CPU.ActiveCfg = Release|Any CPU
		{04FEC74A-F281-4D15-BB6B-6B7C06BE26A7}.Release|Any CPU.Build.0 = Release|Any CPU
		{04FEC74A-F281-4D15-BB6B-6B7C06BE26A7}.Release|x64.ActiveCfg = Release|Any CPU
		{04FEC74A-F281-4D15-BB6B-6B7C06BE26A7}.Release|x64.Build.0 = Release|Any CPU
		{04FEC74A-F281-4D15-BB6B-6B7C06BE26A7}.Release|x86.ActiveCfg = Release|Any CPU
		{04FEC74A-F281-4D15-BB6B-6B7C06BE26A7}.Release|x86.Build.0 = Release|Any CPU
		{53AF23AA-E150-48F5-8BAD-4AEAB5C8DD00}.Debug|Any CPU.ActiveCfg = Debug|Any CPU
		{53AF23AA-E150-48F5-8BAD-4AEAB5C8DD00}.Debug|Any CPU.Build.0 = Debug|Any CPU
		{53AF23AA-E150-48F5-8BAD-4AEAB5C8DD00}.Debug|x64.ActiveCfg = Debug|Any CPU
		{53AF23AA-E150-48F5-8BAD-4AEAB5C8DD00}.Debug|x64.Build.0 = Debug|Any CPU
		{53AF23AA-E150-48F5-8BAD-4AEAB5C8DD00}.Debug|x86.ActiveCfg = Debug|Any CPU
		{53AF23AA-E150-48F5-8BAD-4AEAB5C8DD00}.Debug|x86.Build.0 = Debug|Any CPU
		{53AF23AA-E150-48F5-8BAD-4AEAB5C8DD00}.Release|Any CPU.ActiveCfg = Release|Any CPU
		{53AF23AA-E150-48F5-8BAD-4AEAB5C8DD00}.Release|Any CPU.Build.0 = Release|Any CPU
		{53AF23AA-E150-48F5-8BAD-4AEAB5C8DD00}.Release|x64.ActiveCfg = Release|Any CPU
		{53AF23AA-E150-48F5-8BAD-4AEAB5C8DD00}.Release|x64.Build.0 = Release|Any CPU
		{53AF23AA-E150-48F5-8BAD-4AEAB5C8DD00}.Release|x86.ActiveCfg = Release|Any CPU
		{53AF23AA-E150-48F5-8BAD-4AEAB5C8DD00}.Release|x86.Build.0 = Release|Any CPU
		{0E7EFAC9-6401-4559-9212-20336D61F5A7}.Debug|Any CPU.ActiveCfg = Debug|Any CPU
		{0E7EFAC9-6401-4559-9212-20336D61F5A7}.Debug|Any CPU.Build.0 = Debug|Any CPU
		{0E7EFAC9-6401-4559-9212-20336D61F5A7}.Debug|x64.ActiveCfg = Debug|Any CPU
		{0E7EFAC9-6401-4559-9212-20336D61F5A7}.Debug|x64.Build.0 = Debug|Any CPU
		{0E7EFAC9-6401-4559-9212-20336D61F5A7}.Debug|x86.ActiveCfg = Debug|Any CPU
		{0E7EFAC9-6401-4559-9212-20336D61F5A7}.Debug|x86.Build.0 = Debug|Any CPU
		{0E7EFAC9-6401-4559-9212-20336D61F5A7}.Release|Any CPU.ActiveCfg = Release|Any CPU
		{0E7EFAC9-6401-4559-9212-20336D61F5A7}.Release|Any CPU.Build.0 = Release|Any CPU
		{0E7EFAC9-6401-4559-9212-20336D61F5A7}.Release|x64.ActiveCfg = Release|Any CPU
		{0E7EFAC9-6401-4559-9212-20336D61F5A7}.Release|x64.Build.0 = Release|Any CPU
		{0E7EFAC9-6401-4559-9212-20336D61F5A7}.Release|x86.ActiveCfg = Release|Any CPU
		{0E7EFAC9-6401-4559-9212-20336D61F5A7}.Release|x86.Build.0 = Release|Any CPU
		{8EDFCFE7-EFC0-4EE8-80F1-8D6C1DD7053C}.Debug|Any CPU.ActiveCfg = Debug|Any CPU
		{8EDFCFE7-EFC0-4EE8-80F1-8D6C1DD7053C}.Debug|Any CPU.Build.0 = Debug|Any CPU
		{8EDFCFE7-EFC0-4EE8-80F1-8D6C1DD7053C}.Debug|x64.ActiveCfg = Debug|Any CPU
		{8EDFCFE7-EFC0-4EE8-80F1-8D6C1DD7053C}.Debug|x64.Build.0 = Debug|Any CPU
		{8EDFCFE7-EFC0-4EE8-80F1-8D6C1DD7053C}.Debug|x86.ActiveCfg = Debug|Any CPU
		{8EDFCFE7-EFC0-4EE8-80F1-8D6C1DD7053C}.Debug|x86.Build.0 = Debug|Any CPU
		{8EDFCFE7-EFC0-4EE8-80F1-8D6C1DD7053C}.Release|Any CPU.ActiveCfg = Release|Any CPU
		{8EDFCFE7-EFC0-4EE8-80F1-8D6C1DD7053C}.Release|Any CPU.Build.0 = Release|Any CPU
		{8EDFCFE7-EFC0-4EE8-80F1-8D6C1DD7053C}.Release|x64.ActiveCfg = Release|Any CPU
		{8EDFCFE7-EFC0-4EE8-80F1-8D6C1DD7053C}.Release|x64.Build.0 = Release|Any CPU
		{8EDFCFE7-EFC0-4EE8-80F1-8D6C1DD7053C}.Release|x86.ActiveCfg = Release|Any CPU
		{8EDFCFE7-EFC0-4EE8-80F1-8D6C1DD7053C}.Release|x86.Build.0 = Release|Any CPU
		{CAB8C025-3338-4CEF-B487-291827DFA62A}.Debug|Any CPU.ActiveCfg = Debug|Any CPU
		{CAB8C025-3338-4CEF-B487-291827DFA62A}.Debug|Any CPU.Build.0 = Debug|Any CPU
		{CAB8C025-3338-4CEF-B487-291827DFA62A}.Debug|x64.ActiveCfg = Debug|Any CPU
		{CAB8C025-3338-4CEF-B487-291827DFA62A}.Debug|x64.Build.0 = Debug|Any CPU
		{CAB8C025-3338-4CEF-B487-291827DFA62A}.Debug|x86.ActiveCfg = Debug|Any CPU
		{CAB8C025-3338-4CEF-B487-291827DFA62A}.Debug|x86.Build.0 = Debug|Any CPU
		{CAB8C025-3338-4CEF-B487-291827DFA62A}.Release|Any CPU.ActiveCfg = Release|Any CPU
		{CAB8C025-3338-4CEF-B487-291827DFA62A}.Release|Any CPU.Build.0 = Release|Any CPU
		{CAB8C025-3338-4CEF-B487-291827DFA62A}.Release|x64.ActiveCfg = Release|Any CPU
		{CAB8C025-3338-4CEF-B487-291827DFA62A}.Release|x64.Build.0 = Release|Any CPU
		{CAB8C025-3338-4CEF-B487-291827DFA62A}.Release|x86.ActiveCfg = Release|Any CPU
		{CAB8C025-3338-4CEF-B487-291827DFA62A}.Release|x86.Build.0 = Release|Any CPU
		{F7DEC13D-84E1-45A8-B914-FE545FE30E7B}.Debug|Any CPU.ActiveCfg = Debug|Any CPU
		{F7DEC13D-84E1-45A8-B914-FE545FE30E7B}.Debug|Any CPU.Build.0 = Debug|Any CPU
		{F7DEC13D-84E1-45A8-B914-FE545FE30E7B}.Debug|x64.ActiveCfg = Debug|Any CPU
		{F7DEC13D-84E1-45A8-B914-FE545FE30E7B}.Debug|x64.Build.0 = Debug|Any CPU
		{F7DEC13D-84E1-45A8-B914-FE545FE30E7B}.Debug|x86.ActiveCfg = Debug|Any CPU
		{F7DEC13D-84E1-45A8-B914-FE545FE30E7B}.Debug|x86.Build.0 = Debug|Any CPU
		{F7DEC13D-84E1-45A8-B914-FE545FE30E7B}.Release|Any CPU.ActiveCfg = Release|Any CPU
		{F7DEC13D-84E1-45A8-B914-FE545FE30E7B}.Release|Any CPU.Build.0 = Release|Any CPU
		{F7DEC13D-84E1-45A8-B914-FE545FE30E7B}.Release|x64.ActiveCfg = Release|Any CPU
		{F7DEC13D-84E1-45A8-B914-FE545FE30E7B}.Release|x64.Build.0 = Release|Any CPU
		{F7DEC13D-84E1-45A8-B914-FE545FE30E7B}.Release|x86.ActiveCfg = Release|Any CPU
		{F7DEC13D-84E1-45A8-B914-FE545FE30E7B}.Release|x86.Build.0 = Release|Any CPU
		{BF59C6E7-010A-42F4-A427-6617112DD6C4}.Debug|Any CPU.ActiveCfg = Debug|Any CPU
		{BF59C6E7-010A-42F4-A427-6617112DD6C4}.Debug|Any CPU.Build.0 = Debug|Any CPU
		{BF59C6E7-010A-42F4-A427-6617112DD6C4}.Debug|x64.ActiveCfg = Debug|Any CPU
		{BF59C6E7-010A-42F4-A427-6617112DD6C4}.Debug|x64.Build.0 = Debug|Any CPU
		{BF59C6E7-010A-42F4-A427-6617112DD6C4}.Debug|x86.ActiveCfg = Debug|Any CPU
		{BF59C6E7-010A-42F4-A427-6617112DD6C4}.Debug|x86.Build.0 = Debug|Any CPU
		{BF59C6E7-010A-42F4-A427-6617112DD6C4}.Release|Any CPU.ActiveCfg = Release|Any CPU
		{BF59C6E7-010A-42F4-A427-6617112DD6C4}.Release|Any CPU.Build.0 = Release|Any CPU
		{BF59C6E7-010A-42F4-A427-6617112DD6C4}.Release|x64.ActiveCfg = Release|Any CPU
		{BF59C6E7-010A-42F4-A427-6617112DD6C4}.Release|x64.Build.0 = Release|Any CPU
		{BF59C6E7-010A-42F4-A427-6617112DD6C4}.Release|x86.ActiveCfg = Release|Any CPU
		{BF59C6E7-010A-42F4-A427-6617112DD6C4}.Release|x86.Build.0 = Release|Any CPU
		{C07D3FD1-1153-4857-9115-56ACCDD5B3FC}.Debug|Any CPU.ActiveCfg = Debug|Any CPU
		{C07D3FD1-1153-4857-9115-56ACCDD5B3FC}.Debug|Any CPU.Build.0 = Debug|Any CPU
		{C07D3FD1-1153-4857-9115-56ACCDD5B3FC}.Debug|x64.ActiveCfg = Debug|Any CPU
		{C07D3FD1-1153-4857-9115-56ACCDD5B3FC}.Debug|x64.Build.0 = Debug|Any CPU
		{C07D3FD1-1153-4857-9115-56ACCDD5B3FC}.Debug|x86.ActiveCfg = Debug|Any CPU
		{C07D3FD1-1153-4857-9115-56ACCDD5B3FC}.Debug|x86.Build.0 = Debug|Any CPU
		{C07D3FD1-1153-4857-9115-56ACCDD5B3FC}.Release|Any CPU.ActiveCfg = Release|Any CPU
		{C07D3FD1-1153-4857-9115-56ACCDD5B3FC}.Release|Any CPU.Build.0 = Release|Any CPU
		{C07D3FD1-1153-4857-9115-56ACCDD5B3FC}.Release|x64.ActiveCfg = Release|Any CPU
		{C07D3FD1-1153-4857-9115-56ACCDD5B3FC}.Release|x64.Build.0 = Release|Any CPU
		{C07D3FD1-1153-4857-9115-56ACCDD5B3FC}.Release|x86.ActiveCfg = Release|Any CPU
		{C07D3FD1-1153-4857-9115-56ACCDD5B3FC}.Release|x86.Build.0 = Release|Any CPU
		{FB64BD6A-09D8-4664-B484-3EEB337AF116}.Debug|Any CPU.ActiveCfg = Debug|Any CPU
		{FB64BD6A-09D8-4664-B484-3EEB337AF116}.Debug|Any CPU.Build.0 = Debug|Any CPU
		{FB64BD6A-09D8-4664-B484-3EEB337AF116}.Debug|x64.ActiveCfg = Debug|Any CPU
		{FB64BD6A-09D8-4664-B484-3EEB337AF116}.Debug|x64.Build.0 = Debug|Any CPU
		{FB64BD6A-09D8-4664-B484-3EEB337AF116}.Debug|x86.ActiveCfg = Debug|Any CPU
		{FB64BD6A-09D8-4664-B484-3EEB337AF116}.Debug|x86.Build.0 = Debug|Any CPU
		{FB64BD6A-09D8-4664-B484-3EEB337AF116}.Release|Any CPU.ActiveCfg = Release|Any CPU
		{FB64BD6A-09D8-4664-B484-3EEB337AF116}.Release|Any CPU.Build.0 = Release|Any CPU
		{FB64BD6A-09D8-4664-B484-3EEB337AF116}.Release|x64.ActiveCfg = Release|Any CPU
		{FB64BD6A-09D8-4664-B484-3EEB337AF116}.Release|x64.Build.0 = Release|Any CPU
		{FB64BD6A-09D8-4664-B484-3EEB337AF116}.Release|x86.ActiveCfg = Release|Any CPU
		{FB64BD6A-09D8-4664-B484-3EEB337AF116}.Release|x86.Build.0 = Release|Any CPU
		{0FEC4DAF-CD40-4BEC-A0F1-4D204BBFF93E}.Debug|Any CPU.ActiveCfg = Debug|Any CPU
		{0FEC4DAF-CD40-4BEC-A0F1-4D204BBFF93E}.Debug|Any CPU.Build.0 = Debug|Any CPU
		{0FEC4DAF-CD40-4BEC-A0F1-4D204BBFF93E}.Debug|x64.ActiveCfg = Debug|Any CPU
		{0FEC4DAF-CD40-4BEC-A0F1-4D204BBFF93E}.Debug|x64.Build.0 = Debug|Any CPU
		{0FEC4DAF-CD40-4BEC-A0F1-4D204BBFF93E}.Debug|x86.ActiveCfg = Debug|Any CPU
		{0FEC4DAF-CD40-4BEC-A0F1-4D204BBFF93E}.Debug|x86.Build.0 = Debug|Any CPU
		{0FEC4DAF-CD40-4BEC-A0F1-4D204BBFF93E}.Release|Any CPU.ActiveCfg = Release|Any CPU
		{0FEC4DAF-CD40-4BEC-A0F1-4D204BBFF93E}.Release|Any CPU.Build.0 = Release|Any CPU
		{0FEC4DAF-CD40-4BEC-A0F1-4D204BBFF93E}.Release|x64.ActiveCfg = Release|Any CPU
		{0FEC4DAF-CD40-4BEC-A0F1-4D204BBFF93E}.Release|x64.Build.0 = Release|Any CPU
		{0FEC4DAF-CD40-4BEC-A0F1-4D204BBFF93E}.Release|x86.ActiveCfg = Release|Any CPU
		{0FEC4DAF-CD40-4BEC-A0F1-4D204BBFF93E}.Release|x86.Build.0 = Release|Any CPU
		{2AA85BB6-2492-452D-A403-230419CDB16F}.Debug|Any CPU.ActiveCfg = Debug|Any CPU
		{2AA85BB6-2492-452D-A403-230419CDB16F}.Debug|Any CPU.Build.0 = Debug|Any CPU
		{2AA85BB6-2492-452D-A403-230419CDB16F}.Debug|x64.ActiveCfg = Debug|Any CPU
		{2AA85BB6-2492-452D-A403-230419CDB16F}.Debug|x64.Build.0 = Debug|Any CPU
		{2AA85BB6-2492-452D-A403-230419CDB16F}.Debug|x86.ActiveCfg = Debug|Any CPU
		{2AA85BB6-2492-452D-A403-230419CDB16F}.Debug|x86.Build.0 = Debug|Any CPU
		{2AA85BB6-2492-452D-A403-230419CDB16F}.Release|Any CPU.ActiveCfg = Release|Any CPU
		{2AA85BB6-2492-452D-A403-230419CDB16F}.Release|Any CPU.Build.0 = Release|Any CPU
		{2AA85BB6-2492-452D-A403-230419CDB16F}.Release|x64.ActiveCfg = Release|Any CPU
		{2AA85BB6-2492-452D-A403-230419CDB16F}.Release|x64.Build.0 = Release|Any CPU
		{2AA85BB6-2492-452D-A403-230419CDB16F}.Release|x86.ActiveCfg = Release|Any CPU
		{2AA85BB6-2492-452D-A403-230419CDB16F}.Release|x86.Build.0 = Release|Any CPU
		{4D563956-918A-4FB2-848E-F1E5234747AD}.Debug|Any CPU.ActiveCfg = Debug|Any CPU
		{4D563956-918A-4FB2-848E-F1E5234747AD}.Debug|Any CPU.Build.0 = Debug|Any CPU
		{4D563956-918A-4FB2-848E-F1E5234747AD}.Debug|x64.ActiveCfg = Debug|Any CPU
		{4D563956-918A-4FB2-848E-F1E5234747AD}.Debug|x64.Build.0 = Debug|Any CPU
		{4D563956-918A-4FB2-848E-F1E5234747AD}.Debug|x86.ActiveCfg = Debug|Any CPU
		{4D563956-918A-4FB2-848E-F1E5234747AD}.Debug|x86.Build.0 = Debug|Any CPU
		{4D563956-918A-4FB2-848E-F1E5234747AD}.Release|Any CPU.ActiveCfg = Release|Any CPU
		{4D563956-918A-4FB2-848E-F1E5234747AD}.Release|Any CPU.Build.0 = Release|Any CPU
		{4D563956-918A-4FB2-848E-F1E5234747AD}.Release|x64.ActiveCfg = Release|Any CPU
		{4D563956-918A-4FB2-848E-F1E5234747AD}.Release|x64.Build.0 = Release|Any CPU
		{4D563956-918A-4FB2-848E-F1E5234747AD}.Release|x86.ActiveCfg = Release|Any CPU
		{4D563956-918A-4FB2-848E-F1E5234747AD}.Release|x86.Build.0 = Release|Any CPU
	EndGlobalSection
	GlobalSection(SolutionProperties) = preSolution
		HideSolutionNode = FALSE
	EndGlobalSection
	GlobalSection(NestedProjects) = preSolution
		{4F80B63B-FBF1-4C60-AEAA-1FD75AC4F7EE} = {C88A7D89-A467-45B2-AA83-02419BDD5BB7}
		{61DB7F06-9687-40F2-B9D6-243926B6DAA8} = {C88A7D89-A467-45B2-AA83-02419BDD5BB7}
		{B18FA303-6C32-44DB-A913-3B7FE929967E} = {C88A7D89-A467-45B2-AA83-02419BDD5BB7}
		{F65164E8-C5E8-4D20-98C2-475FB37AA15E} = {C88A7D89-A467-45B2-AA83-02419BDD5BB7}
		{89097BAD-9A23-429A-9038-B71D058FE1B7} = {C88A7D89-A467-45B2-AA83-02419BDD5BB7}
		{76055CB4-D6FE-48DB-8183-3BE7970DCD32} = {C88A7D89-A467-45B2-AA83-02419BDD5BB7}
		{04FEC74A-F281-4D15-BB6B-6B7C06BE26A7} = {5B69AD24-3D7F-4A32-8177-CD284DDDAF8C}
		{53AF23AA-E150-48F5-8BAD-4AEAB5C8DD00} = {C88A7D89-A467-45B2-AA83-02419BDD5BB7}
		{0E7EFAC9-6401-4559-9212-20336D61F5A7} = {C88A7D89-A467-45B2-AA83-02419BDD5BB7}
		{8EDFCFE7-EFC0-4EE8-80F1-8D6C1DD7053C} = {C88A7D89-A467-45B2-AA83-02419BDD5BB7}
		{CAB8C025-3338-4CEF-B487-291827DFA62A} = {5B69AD24-3D7F-4A32-8177-CD284DDDAF8C}
		{F7DEC13D-84E1-45A8-B914-FE545FE30E7B} = {5B69AD24-3D7F-4A32-8177-CD284DDDAF8C}
		{BF59C6E7-010A-42F4-A427-6617112DD6C4} = {5B69AD24-3D7F-4A32-8177-CD284DDDAF8C}
		{C07D3FD1-1153-4857-9115-56ACCDD5B3FC} = {C88A7D89-A467-45B2-AA83-02419BDD5BB7}
		{FB64BD6A-09D8-4664-B484-3EEB337AF116} = {5B69AD24-3D7F-4A32-8177-CD284DDDAF8C}
		{0FEC4DAF-CD40-4BEC-A0F1-4D204BBFF93E} = {5B69AD24-3D7F-4A32-8177-CD284DDDAF8C}
		{2AA85BB6-2492-452D-A403-230419CDB16F} = {C88A7D89-A467-45B2-AA83-02419BDD5BB7}
		{4D563956-918A-4FB2-848E-F1E5234747AD} = {5B69AD24-3D7F-4A32-8177-CD284DDDAF8C}
	EndGlobalSection
EndGlobal
