{
  "version": 1,
  "dependencies": {
    "net10.0": {
      "bunit": {
        "type": "Direct",
        "requested": "[2.9.0, )",
        "resolved": "2.9.0",
        "contentHash": "Jz9ywwpjjYHppFDw4bIMkk5cNOy0vN74p3PzJFVIlCZicK8vpAovM5LsuNDLKE4bpwISNKrjwSrsw4SIVzT+0g==",
        "dependencies": {
          "AngleSharp": "1.7.0",
          "AngleSharp.Css": "1.0.1",
          "AngleSharp.Diffing": "1.1.1",
          "Microsoft.AspNetCore.Components": "10.0.10",
          "Microsoft.AspNetCore.Components.Authorization": "10.0.10",
          "Microsoft.AspNetCore.Components.Web": "10.0.10",
          "Microsoft.AspNetCore.Components.WebAssembly": "10.0.10",
          "Microsoft.AspNetCore.Components.WebAssembly.Authentication": "10.0.10",
          "Microsoft.Extensions.Caching.Memory": "10.0.10",
          "Microsoft.Extensions.Localization.Abstractions": "10.0.10",
          "Microsoft.Extensions.Logging": "10.0.10",
          "Microsoft.Extensions.Logging.Abstractions": "10.0.10"
        }
      },
      "FluentAssertions": {
        "type": "Direct",
        "requested": "[6.12.0, )",
        "resolved": "6.12.0",
        "contentHash": "ZXhHT2YwP9lajrwSKbLlFqsmCCvFJMoRSK9t7sImfnCyd0OB3MhgxdoMcVqxbq1iyxD6mD2fiackWmBb7ayiXQ==",
        "dependencies": {
          "System.Configuration.ConfigurationManager": "4.4.0"
        }
      },
      "Microsoft.AspNetCore.Mvc.Testing": {
        "type": "Direct",
        "requested": "[8.0.8, )",
        "resolved": "8.0.8",
        "contentHash": "iYJ0tw9dOMNVJ/8VbtTYvS4INGelLShllPzO/jA/UIcKZmjz7Mum43Os3/gDaXdcSHt/d1LlvE4vh8zYwQ+UiQ==",
        "dependencies": {
          "Microsoft.AspNetCore.TestHost": "8.0.8",
          "Microsoft.Extensions.DependencyModel": "8.0.1",
          "Microsoft.Extensions.Hosting": "8.0.0"
        }
      },
      "Microsoft.NET.Test.Sdk": {
        "type": "Direct",
        "requested": "[17.10.0, )",
        "resolved": "17.10.0",
        "contentHash": "0/2HeACkaHEYU3wc83YlcD2Fi4LMtECJjqrtvw0lPi9DCEa35zSPt1j4fuvM8NagjDqJuh1Ja35WcRtn1Um6/A==",
        "dependencies": {
          "Microsoft.CodeCoverage": "17.10.0",
          "Microsoft.TestPlatform.TestHost": "17.10.0"
        }
      },
      "xunit": {
        "type": "Direct",
        "requested": "[2.9.0, )",
        "resolved": "2.9.0",
        "contentHash": "PtU3rZ0ThdmdJqTbK7GkgFf6iBaCR6Q0uvJHznID+XEYk2v6O/b7sRxqnbi3B2gRDXxjTqMkVNayzwsqsFUxRw==",
        "dependencies": {
          "xunit.analyzers": "1.15.0",
          "xunit.assert": "2.9.0",
          "xunit.core": "[2.9.0]"
        }
      },
      "xunit.runner.visualstudio": {
        "type": "Direct",
        "requested": "[2.8.2, )",
        "resolved": "2.8.2",
        "contentHash": "vm1tbfXhFmjFMUmS4M0J0ASXz3/U5XvXBa6DOQUL3fEz4Vt6YPhv+ESCarx6M6D+9kJkJYZKCNvJMas1+nVfmQ=="
      },
      "AngleSharp": {
        "type": "Transitive",
        "resolved": "1.7.0",
        "contentHash": "v1R++46dblGRBo2/fKFUfgtZOaFnDGQhqBM0AarxgZSJuumj1e1vexBbjlTv2hx3Olr3qeoJa2yUoWyv5fuJ5A=="
      },
      "AngleSharp.Css": {
        "type": "Transitive",
        "resolved": "1.0.1",
        "contentHash": "6S13xNHH+SUGPZd6EO1MhkuDbpEnFroUM6A8DZpLJHQnLRTvtBJb3Ydu65s618E4gWF9FSWmM5jhKk4RIfwT2A==",
        "dependencies": {
          "AngleSharp": "[1.5.0, 2.0.0)"
        }
      },
      "AngleSharp.Diffing": {
        "type": "Transitive",
        "resolved": "1.1.1",
        "contentHash": "Uzz5895TpRyMA4t8GExmq4TxXqi3+bZTgb3kJgH+tdwrSuo9CO6Dlmv+Oqyhb2pNRfbnReLUzhlHAuT7c+3jSg==",
        "dependencies": {
          "AngleSharp": "1.1.2",
          "AngleSharp.Css": "1.0.0-beta.144"
        }
      },
      "Microsoft.AspNetCore.Authorization": {
        "type": "Transitive",
        "resolved": "10.0.10",
        "contentHash": "FxWC2bc788/51CiSiMkKW5gQyqrSSs1991BhphS6ZARMGii+3Qr355Q9OSB/nBpdHVjIopfegAhreZ6UPpO9WA==",
        "dependencies": {
          "Microsoft.AspNetCore.Metadata": "10.0.10",
          "Microsoft.Extensions.Diagnostics": "10.0.10",
          "Microsoft.Extensions.Logging.Abstractions": "10.0.10",
          "Microsoft.Extensions.Options": "10.0.10"
        }
      },
      "Microsoft.AspNetCore.Components": {
        "type": "Transitive",
        "resolved": "10.0.10",
        "contentHash": "wlCBFU9YxqhUc2kVbl/FCGNFSbRjS312WVk9YRVjs/OcZ+Yqa9QsD7z+UcBzNNAbcPpEM98f/PaaD6lHt5rmIg==",
        "dependencies": {
          "Microsoft.AspNetCore.Authorization": "10.0.10",
          "Microsoft.AspNetCore.Components.Analyzers": "10.0.10"
        }
      },
      "Microsoft.AspNetCore.Components.Analyzers": {
        "type": "Transitive",
        "resolved": "10.0.10",
        "contentHash": "ZBJobkEDv6yWftw3ycZMkuV9YpvJOBmjWpg2UbQ0Ol4THObhKai0PNl/SGFBmpw03JKCPA63RgplQOA1LQbRDg=="
      },
      "Microsoft.AspNetCore.Components.Authorization": {
        "type": "Transitive",
        "resolved": "10.0.10",
        "contentHash": "em2xVQkvtn3BHFT3J9pp4K3yDgPnp0S5a+gcGxb6xkjqy+81yDa8XEEaQnkruCVRusFMltORFFmnlrnHa/A90w==",
        "dependencies": {
          "Microsoft.AspNetCore.Authorization": "10.0.10",
          "Microsoft.AspNetCore.Components": "10.0.10"
        }
      },
      "Microsoft.AspNetCore.Components.Forms": {
        "type": "Transitive",
        "resolved": "10.0.10",
        "contentHash": "09cKk0/t83Y5DN5ne4J9Y+OiLJEQ+XBFGIoD0UXAnae8yQEkFa/OYbX0bBGkx0k5r5ndta/CMdlMk3lCG81R0g==",
        "dependencies": {
          "Microsoft.AspNetCore.Components": "10.0.10",
          "Microsoft.Extensions.Validation": "10.0.10"
        }
      },
      "Microsoft.AspNetCore.Components.Web": {
        "type": "Transitive",
        "resolved": "10.0.10",
        "contentHash": "8+cyStKhSy94Q2L/2zmgk0H1f+GKvBGEvTImT0qdsCqeNbT7ilGDKTIJ1PiugsPtSNLuUEABUqMpA3rE1yAKFg==",
        "dependencies": {
          "Microsoft.AspNetCore.Components": "10.0.10",
          "Microsoft.AspNetCore.Components.Forms": "10.0.10",
          "Microsoft.Extensions.DependencyInjection": "10.0.10",
          "Microsoft.Extensions.Primitives": "10.0.10",
          "Microsoft.JSInterop": "10.0.10"
        }
      },
      "Microsoft.AspNetCore.Components.WebAssembly": {
        "type": "Transitive",
        "resolved": "10.0.10",
        "contentHash": "0Zib7U6HmGw4Noj/+yJz1YuEJwo3XOV0iLezXDLFsrHTaC8L+KUOR/1+1tX7AAeipDG6jP3gPZOwpirk6G3LYQ==",
        "dependencies": {
          "Microsoft.AspNetCore.Components.Web": "10.0.10",
          "Microsoft.Extensions.Configuration.Binder": "10.0.10",
          "Microsoft.Extensions.Configuration.Json": "10.0.10",
          "Microsoft.Extensions.Logging": "10.0.10",
          "Microsoft.JSInterop.WebAssembly": "10.0.10"
        }
      },
      "Microsoft.AspNetCore.Components.WebAssembly.Authentication": {
        "type": "Transitive",
        "resolved": "10.0.10",
        "contentHash": "D2GIsqVJ2+tVDViJmbEF4tc+gxhdAl5xkBAMZHWCJV7Pt+oBkU2omBSRbgVTq3N2OgreVNSp7w+FrZNgu97d5A==",
        "dependencies": {
          "Microsoft.AspNetCore.Components.Authorization": "10.0.10",
          "Microsoft.AspNetCore.Components.Web": "10.0.10"
        }
      },
      "Microsoft.AspNetCore.Metadata": {
        "type": "Transitive",
        "resolved": "10.0.10",
        "contentHash": "nmZYV9OQ69r3EDOj0SW1JLgD4uFHfMNDKb8mk8Mf4y0Enw3AzkMD85zPuAk5FqmEz8PS0WagR/tJCwLg8xpI3Q=="
      },
      "Microsoft.AspNetCore.TestHost": {
        "type": "Transitive",
        "resolved": "8.0.8",
        "contentHash": "mQSMZMA72IK/N79HgLn7tCCkN+stEq6yhq0vr6xfw2wvcfjAV2R6JFUYGUDHmWVUxTjDWjQX+Yrd5S9vQKnPLA=="
      },
      "Microsoft.CodeCoverage": {
        "type": "Transitive",
        "resolved": "17.10.0",
        "contentHash": "yC7oSlnR54XO5kOuHlVOKtxomNNN1BWXX8lK1G2jaPXT9sUok7kCOoA4Pgs0qyFaCtMrNsprztYMeoEGqCm4uA=="
      },
      "Microsoft.Extensions.Caching.Abstractions": {
        "type": "Transitive",
        "resolved": "10.0.10",
        "contentHash": "4ZFBNE+jzR+CrWWlhOesnmywCW7pYKT0dxyAQRdL11yJwxe4jvcAu31eorFtEkoFeCDcUTeNssgPv2yaRRptaQ==",
        "dependencies": {
          "Microsoft.Extensions.Primitives": "10.0.10"
        }
      },
      "Microsoft.Extensions.Caching.Memory": {
        "type": "Transitive",
        "resolved": "10.0.10",
        "contentHash": "N1w5H7uK6gCTnCBZAWzE0/EQYSPysij/uYwDqntqBVvBa6bjMmBKitsnEFd6yh/SX3wLm67nO6+OnZ84K+gZWg==",
        "dependencies": {
          "Microsoft.Extensions.Caching.Abstractions": "10.0.10",
          "Microsoft.Extensions.DependencyInjection.Abstractions": "10.0.10",
          "Microsoft.Extensions.Logging.Abstractions": "10.0.10",
          "Microsoft.Extensions.Options": "10.0.10",
          "Microsoft.Extensions.Primitives": "10.0.10"
        }
      },
      "Microsoft.Extensions.Configuration": {
        "type": "Transitive",
        "resolved": "10.0.10",
        "contentHash": "plJWK2zpWuuyxI8F8s2scx6Je7N1Ajjs6HvYUGKwRnDMWIVIz9FHwAkiT7ASgrvAOd10T0FPVlh9BzAJJME+jg==",
        "dependencies": {
          "Microsoft.Extensions.Configuration.Abstractions": "10.0.10",
          "Microsoft.Extensions.Primitives": "10.0.10"
        }
      },
      "Microsoft.Extensions.Configuration.Abstractions": {
        "type": "Transitive",
        "resolved": "10.0.10",
        "contentHash": "5Vnd2I75DmZCVEjSynIdJ/0EGafgnLQwgR3t2C2/fkjx/nRG+cLwxLLdInoHeCEpkD5K4Ov/g9ZCRYrl4TRsaA==",
        "dependencies": {
          "Microsoft.Extensions.Primitives": "10.0.10"
        }
      },
      "Microsoft.Extensions.Configuration.Binder": {
        "type": "Transitive",
        "resolved": "10.0.10",
        "contentHash": "GqmN2o1CkJvk7uWp+p4CwBYW0w/zfoEbvsiFDbO2G8l1Uz+mrDAbAcZiXhU2lufKPby1cjAUdd5GTWpebYOkOA==",
        "dependencies": {
          "Microsoft.Extensions.Configuration": "10.0.10",
          "Microsoft.Extensions.Configuration.Abstractions": "10.0.10"
        }
      },
      "Microsoft.Extensions.Configuration.CommandLine": {
        "type": "Transitive",
        "resolved": "8.0.0",
        "contentHash": "NZuZMz3Q8Z780nKX3ifV1fE7lS+6pynDHK71OfU4OZ1ItgvDOhyOC7E6z+JMZrAj63zRpwbdldYFk499t3+1dQ==",
        "dependencies": {
          "Microsoft.Extensions.Configuration": "8.0.0",
          "Microsoft.Extensions.Configuration.Abstractions": "8.0.0"
        }
      },
      "Microsoft.Extensions.Configuration.EnvironmentVariables": {
        "type": "Transitive",
        "resolved": "8.0.0",
        "contentHash": "plvZ0ZIpq+97gdPNNvhwvrEZ92kNml9hd1pe3idMA7svR0PztdzVLkoWLcRFgySYXUJc3kSM3Xw3mNFMo/bxRA==",
        "dependencies": {
          "Microsoft.Extensions.Configuration": "8.0.0",
          "Microsoft.Extensions.Configuration.Abstractions": "8.0.0"
        }
      },
      "Microsoft.Extensions.Configuration.FileExtensions": {
        "type": "Transitive",
        "resolved": "10.0.10",
        "contentHash": "ZOhZYwvbXGTgGVRwswIirofEMVHuWdxjdh0JeUZXwaF9cgcjXdz/t0ELtgaevw7ezTyv47yPNCgGreWtLkn3IQ==",
        "dependencies": {
          "Microsoft.Extensions.Configuration": "10.0.10",
          "Microsoft.Extensions.Configuration.Abstractions": "10.0.10",
          "Microsoft.Extensions.FileProviders.Abstractions": "10.0.10",
          "Microsoft.Extensions.FileProviders.Physical": "10.0.10",
          "Microsoft.Extensions.Primitives": "10.0.10"
        }
      },
      "Microsoft.Extensions.Configuration.Json": {
        "type": "Transitive",
        "resolved": "10.0.10",
        "contentHash": "uvJ6sHwjgrkMEJOgiC76G0mcZGXerwyyWkwX34EOjCbxKG6TCtfAoqDKAMsCvEBf9HxjlGQEgqsSMOGCmGBf+A==",
        "dependencies": {
          "Microsoft.Extensions.Configuration": "10.0.10",
          "Microsoft.Extensions.Configuration.Abstractions": "10.0.10",
          "Microsoft.Extensions.Configuration.FileExtensions": "10.0.10",
          "Microsoft.Extensions.FileProviders.Abstractions": "10.0.10"
        }
      },
      "Microsoft.Extensions.Configuration.UserSecrets": {
        "type": "Transitive",
        "resolved": "8.0.0",
        "contentHash": "ihDHu2dJYQird9pl2CbdwuNDfvCZdOS0S7SPlNfhPt0B81UTT+yyZKz2pimFZGUp3AfuBRnqUCxB2SjsZKHVUw==",
        "dependencies": {
          "Microsoft.Extensions.Configuration.Abstractions": "8.0.0",
          "Microsoft.Extensions.Configuration.Json": "8.0.0",
          "Microsoft.Extensions.FileProviders.Abstractions": "8.0.0",
          "Microsoft.Extensions.FileProviders.Physical": "8.0.0"
        }
      },
      "Microsoft.Extensions.DependencyInjection": {
        "type": "Transitive",
        "resolved": "10.0.10",
        "contentHash": "ANyvsgkNBRvcJh2XLgn8veGmajf+8m0AbKK+HPWdRL1yraSNVVSmQhFntLtdz/C795jxqqup+k05cs/3jZQPOA==",
        "dependencies": {
          "Microsoft.Extensions.DependencyInjection.Abstractions": "10.0.10"
        }
      },
      "Microsoft.Extensions.DependencyInjection.Abstractions": {
        "type": "Transitive",
        "resolved": "10.0.11",
        "contentHash": "/a1aJz4m7ylhEDf25ugQChLQoN5XwoGjWw/BoR/ZWWKsO1v4DdJElS1uyngahz4B/eOzjFk1KNTkarRLE5wsIg=="
      },
      "Microsoft.Extensions.DependencyModel": {
        "type": "Transitive",
        "resolved": "8.0.1",
        "contentHash": "5Ou6varcxLBzQ+Agfm0k0pnH7vrEITYlXMDuE6s7ZHlZHz6/G8XJ3iISZDr5rfwfge6RnXJ1+Wc479mMn52vjA=="
      },
      "Microsoft.Extensions.Diagnostics": {
        "type": "Transitive",
        "resolved": "10.0.10",
        "contentHash": "Kr/e7lUf4+N8tacbqJ2Ctwe/HarKdAc9ZkgKVVqvtJDBKbez+T/KnUwu82KSlnBp/SrpBcxc7u7xkE2oUZT/5Q==",
        "dependencies": {
          "Microsoft.Extensions.Configuration": "10.0.10",
          "Microsoft.Extensions.Diagnostics.Abstractions": "10.0.10",
          "Microsoft.Extensions.Options.ConfigurationExtensions": "10.0.10"
        }
      },
      "Microsoft.Extensions.Diagnostics.Abstractions": {
        "type": "Transitive",
        "resolved": "10.0.10",
        "contentHash": "9uWiKpeOVac355STyChWR/pliFX/5CeLqChW9kKsaxyDH4EUTZxMkT4Jwp/J/peLm0GBFmSX5c0WCse3yCnq1Q==",
        "dependencies": {
          "Microsoft.Extensions.DependencyInjection.Abstractions": "10.0.10",
          "Microsoft.Extensions.Options": "10.0.10"
        }
      },
      "Microsoft.Extensions.FileProviders.Abstractions": {
        "type": "Transitive",
        "resolved": "10.0.10",
        "contentHash": "c5zqFCY9DiIpMovLd7/d/CTiEtrMOuQ639dhv3PABtKQIKNQikSHwQt8+N679uii9q+B55lgK28Uv64FOwEu8w==",
        "dependencies": {
          "Microsoft.Extensions.Primitives": "10.0.10"
        }
      },
      "Microsoft.Extensions.FileProviders.Physical": {
        "type": "Transitive",
        "resolved": "10.0.10",
        "contentHash": "jhJAyo38kSrH3ARvWUk0h8itogVnQu2DCZuPo+s0Z+tXes0ugTxMPaHYzap85785eHQmPFqD9TYERqBbtGxn/w==",
        "dependencies": {
          "Microsoft.Extensions.FileProviders.Abstractions": "10.0.10",
          "Microsoft.Extensions.FileSystemGlobbing": "10.0.10",
          "Microsoft.Extensions.Primitives": "10.0.10"
        }
      },
      "Microsoft.Extensions.FileSystemGlobbing": {
        "type": "Transitive",
        "resolved": "10.0.10",
        "contentHash": "jSOCVxEwCd4Aq925kJVz1kSO1EpX2OHYKL04qVREXkDU7Ce3pVDdHPYm+fEy8y/th2kJf/DAstRHpJAqoNWP8w=="
      },
      "Microsoft.Extensions.Hosting": {
        "type": "Transitive",
        "resolved": "8.0.0",
        "contentHash": "ItYHpdqVp5/oFLT5QqbopnkKlyFG9EW/9nhM6/yfObeKt6Su0wkBio6AizgRHGNwhJuAtlE5VIjow5JOTrip6w==",
        "dependencies": {
          "Microsoft.Extensions.Configuration": "8.0.0",
          "Microsoft.Extensions.Configuration.Abstractions": "8.0.0",
          "Microsoft.Extensions.Configuration.Binder": "8.0.0",
          "Microsoft.Extensions.Configuration.CommandLine": "8.0.0",
          "Microsoft.Extensions.Configuration.EnvironmentVariables": "8.0.0",
          "Microsoft.Extensions.Configuration.FileExtensions": "8.0.0",
          "Microsoft.Extensions.Configuration.Json": "8.0.0",
          "Microsoft.Extensions.Configuration.UserSecrets": "8.0.0",
          "Microsoft.Extensions.DependencyInjection": "8.0.0",
          "Microsoft.Extensions.DependencyInjection.Abstractions": "8.0.0",
          "Microsoft.Extensions.Diagnostics": "8.0.0",
          "Microsoft.Extensions.FileProviders.Abstractions": "8.0.0",
          "Microsoft.Extensions.FileProviders.Physical": "8.0.0",
          "Microsoft.Extensions.Hosting.Abstractions": "8.0.0",
          "Microsoft.Extensions.Logging": "8.0.0",
          "Microsoft.Extensions.Logging.Abstractions": "8.0.0",
          "Microsoft.Extensions.Logging.Configuration": "8.0.0",
          "Microsoft.Extensions.Logging.Console": "8.0.0",
          "Microsoft.Extensions.Logging.Debug": "8.0.0",
          "Microsoft.Extensions.Logging.EventLog": "8.0.0",
          "Microsoft.Extensions.Logging.EventSource": "8.0.0",
          "Microsoft.Extensions.Options": "8.0.0"
        }
      },
      "Microsoft.Extensions.Hosting.Abstractions": {
        "type": "Transitive",
        "resolved": "8.0.0",
        "contentHash": "AG7HWwVRdCHlaA++1oKDxLsXIBxmDpMPb3VoyOoAghEWnkUvEAdYQUwnV4jJbAaa/nMYNiEh5ByoLauZBEiovg==",
        "dependencies": {
          "Microsoft.Extensions.Configuration.Abstractions": "8.0.0",
          "Microsoft.Extensions.DependencyInjection.Abstractions": "8.0.0",
          "Microsoft.Extensions.Diagnostics.Abstractions": "8.0.0",
          "Microsoft.Extensions.FileProviders.Abstractions": "8.0.0",
          "Microsoft.Extensions.Logging.Abstractions": "8.0.0"
        }
      },
      "Microsoft.Extensions.Localization.Abstractions": {
        "type": "Transitive",
        "resolved": "10.0.10",
        "contentHash": "j1DygDJR1wP3LG3d7a1rTFPUZcPfhMggcmDEGKhK2iLK0TuAIaW9bHiq1f9k650gdsXsANTm71hEg/k9msNnAQ=="
      },
      "Microsoft.Extensions.Logging": {
        "type": "Transitive",
        "resolved": "10.0.10",
        "contentHash": "Tf6z5HsL0VDYRTfvsoNrTGHGheCwkTsZBA2FFh5ATJUbkAwug+FFNISJK2gjpUNemlAOoWllAK52HOWCjto3EQ==",
        "dependencies": {
          "Microsoft.Extensions.DependencyInjection": "10.0.10",
          "Microsoft.Extensions.Logging.Abstractions": "10.0.10",
          "Microsoft.Extensions.Options": "10.0.10"
        }
      },
      "Microsoft.Extensions.Logging.Abstractions": {
        "type": "Transitive",
        "resolved": "10.0.10",
        "contentHash": "zkFxGYUvdxAvIKTyXHrmW+Sux53D4SezD9dMyZ6hrwwzPQJNuwCRy1f5W7AvYTqacEGhWF2XderRQG1OvbV8og==",
        "dependencies": {
          "Microsoft.Extensions.DependencyInjection.Abstractions": "10.0.10"
        }
      },
      "Microsoft.Extensions.Logging.Configuration": {
        "type": "Transitive",
        "resolved": "8.0.0",
        "contentHash": "ixXXV0G/12g6MXK65TLngYN9V5hQQRuV+fZi882WIoVJT7h5JvoYoxTEwCgdqwLjSneqh1O+66gM8sMr9z/rsQ==",
        "dependencies": {
          "Microsoft.Extensions.Configuration": "8.0.0",
          "Microsoft.Extensions.Configuration.Abstractions": "8.0.0",
          "Microsoft.Extensions.Configuration.Binder": "8.0.0",
          "Microsoft.Extensions.DependencyInjection.Abstractions": "8.0.0",
          "Microsoft.Extensions.Logging": "8.0.0",
          "Microsoft.Extensions.Logging.Abstractions": "8.0.0",
          "Microsoft.Extensions.Options": "8.0.0",
          "Microsoft.Extensions.Options.ConfigurationExtensions": "8.0.0"
        }
      },
      "Microsoft.Extensions.Logging.Console": {
        "type": "Transitive",
        "resolved": "8.0.0",
        "contentHash": "e+48o7DztoYog+PY430lPxrM4mm3PbA6qucvQtUDDwVo4MO+ejMw7YGc/o2rnxbxj4isPxdfKFzTxvXMwAz83A==",
        "dependencies": {
          "Microsoft.Extensions.DependencyInjection.Abstractions": "8.0.0",
          "Microsoft.Extensions.Logging": "8.0.0",
          "Microsoft.Extensions.Logging.Abstractions": "8.0.0",
          "Microsoft.Extensions.Logging.Configuration": "8.0.0",
          "Microsoft.Extensions.Options": "8.0.0"
        }
      },
      "Microsoft.Extensions.Logging.Debug": {
        "type": "Transitive",
        "resolved": "8.0.0",
        "contentHash": "dt0x21qBdudHLW/bjMJpkixv858RRr8eSomgVbU8qljOyfrfDGi1JQvpF9w8S7ziRPtRKisuWaOwFxJM82GxeA==",
        "dependencies": {
          "Microsoft.Extensions.DependencyInjection.Abstractions": "8.0.0",
          "Microsoft.Extensions.Logging": "8.0.0",
          "Microsoft.Extensions.Logging.Abstractions": "8.0.0"
        }
      },
      "Microsoft.Extensions.Logging.EventLog": {
        "type": "Transitive",
        "resolved": "8.0.0",
        "contentHash": "3X9D3sl7EmOu7vQp5MJrmIJBl5XSdOhZPYXUeFfYa6Nnm9+tok8x3t3IVPLhm7UJtPOU61ohFchw8rNm9tIYOQ==",
        "dependencies": {
          "Microsoft.Extensions.DependencyInjection.Abstractions": "8.0.0",
          "Microsoft.Extensions.Logging": "8.0.0",
          "Microsoft.Extensions.Logging.Abstractions": "8.0.0",
          "Microsoft.Extensions.Options": "8.0.0",
          "System.Diagnostics.EventLog": "8.0.0"
        }
      },
      "Microsoft.Extensions.Logging.EventSource": {
        "type": "Transitive",
        "resolved": "8.0.0",
        "contentHash": "oKcPMrw+luz2DUAKhwFXrmFikZWnyc8l2RKoQwqU3KIZZjcfoJE0zRHAnqATfhRZhtcbjl/QkiY2Xjxp0xu+6w==",
        "dependencies": {
          "Microsoft.Extensions.DependencyInjection.Abstractions": "8.0.0",
          "Microsoft.Extensions.Logging": "8.0.0",
          "Microsoft.Extensions.Logging.Abstractions": "8.0.0",
          "Microsoft.Extensions.Options": "8.0.0",
          "Microsoft.Extensions.Primitives": "8.0.0"
        }
      },
      "Microsoft.Extensions.Options": {
        "type": "Transitive",
        "resolved": "10.0.10",
        "contentHash": "srnhnk7nE8krBiIXp71LvBmKBtraBONWSRzdjJgRv1Ko9Mp8IVNqv4vIS9hGeVteBig8aQkva9ZG+sC+o5sVcA==",
        "dependencies": {
          "Microsoft.Extensions.DependencyInjection.Abstractions": "10.0.10",
          "Microsoft.Extensions.Primitives": "10.0.10"
        }
      },
      "Microsoft.Extensions.Options.ConfigurationExtensions": {
        "type": "Transitive",
        "resolved": "10.0.10",
        "contentHash": "tnBmu/LwF25ZQK+HBNCu2xrwnkKoB/XEbJyooGGoYxHrhvxbSKi7eOFiJ4AXBy/QU4vtCvCJfoi8k9Ej72qzOQ==",
        "dependencies": {
          "Microsoft.Extensions.Configuration.Abstractions": "10.0.10",
          "Microsoft.Extensions.Configuration.Binder": "10.0.10",
          "Microsoft.Extensions.DependencyInjection.Abstractions": "10.0.10",
          "Microsoft.Extensions.Options": "10.0.10",
          "Microsoft.Extensions.Primitives": "10.0.10"
        }
      },
      "Microsoft.Extensions.Primitives": {
        "type": "Transitive",
        "resolved": "10.0.10",
        "contentHash": "5wu/GrYVd8mG2DVUw3vFJzF+O336TyTGg/Kmcgw9bfwYhCoFiV5lR5QeEmKecJyrW4W54nMfD3p3589E8a7czQ=="
      },
      "Microsoft.Extensions.Validation": {
        "type": "Transitive",
        "resolved": "10.0.10",
        "contentHash": "d77zBZk+Z4uo6hEuLvMY+yMjLkn2T/vX5c2sB0sdoSxQVZk7qvec6SuORp2/uZp7UchX4hNp+VJm4GsoSE0waA==",
        "dependencies": {
          "Microsoft.Extensions.DependencyInjection.Abstractions": "10.0.10",
          "Microsoft.Extensions.Options": "10.0.10"
        }
      },
      "Microsoft.JSInterop": {
        "type": "Transitive",
        "resolved": "10.0.10",
        "contentHash": "VivWvz1iFR3Ntf/e5/xci6o/MF2tcHiprNkhRlL+gMkBoDjQJCioiO+Gwp/DP8scuzqbp3b9C3wh+zuy4pD4AA=="
      },
      "Microsoft.JSInterop.WebAssembly": {
        "type": "Transitive",
        "resolved": "10.0.10",
        "contentHash": "FjPAGQWbCP85FWY2Wl9opHSsY+u9nZb8Ui6eTVHEMY/RJateOhW78jEtC4QOQ/6slkS1MKyIAF6ZHIrUR1fX/w==",
        "dependencies": {
          "Microsoft.JSInterop": "10.0.10"
        }
      },
      "Microsoft.TestPlatform.ObjectModel": {
        "type": "Transitive",
        "resolved": "17.10.0",
        "contentHash": "KkwhjQevuDj0aBRoPLY6OLAhGqbPUEBuKLbaCs0kUVw29qiOYncdORd4mLVJbn9vGZ7/iFGQ/+AoJl0Tu5Umdg=="
      },
      "Microsoft.TestPlatform.TestHost": {
        "type": "Transitive",
        "resolved": "17.10.0",
        "contentHash": "LWpMdfqhHvcUkeMCvNYJO8QlPLlYz9XPPb+ZbaXIKhdmjAV0wqTSrTiW5FLaf7RRZT50AQADDOYMOe0HxDxNgA==",
        "dependencies": {
          "Microsoft.TestPlatform.ObjectModel": "17.10.0",
          "Newtonsoft.Json": "13.0.1"
        }
      },
      "Newtonsoft.Json": {
        "type": "Transitive",
        "resolved": "13.0.1",
        "contentHash": "ppPFpBcvxdsfUonNcvITKqLl3bqxWbDCZIzDWHzjpdAHRFfZe0Dw9HmA0+za13IdyrgJwpkDTDA9fHaxOrt20A=="
      },
      "System.Configuration.ConfigurationManager": {
        "type": "Transitive",
        "resolved": "4.4.0",
        "contentHash": "gWwQv/Ug1qWJmHCmN17nAbxJYmQBM/E94QxKLksvUiiKB1Ld3Sc/eK1lgmbSjDFxkQhVuayI/cGFZhpBSodLrg==",
        "dependencies": {
          "System.Security.Cryptography.ProtectedData": "4.4.0"
        }
      },
      "System.Diagnostics.EventLog": {
        "type": "Transitive",
        "resolved": "8.0.0",
        "contentHash": "fdYxcRjQqTTacKId/2IECojlDSFvp7LP5N78+0z/xH7v/Tuw5ZAxu23Y6PTCRinqyu2ePx+Gn1098NC6jM6d+A=="
      },
      "System.Security.Cryptography.ProtectedData": {
        "type": "Transitive",
        "resolved": "4.4.0",
        "contentHash": "cJV7ScGW7EhatRsjehfvvYVBvtiSMKgN8bOVI0bQhnF5bU7vnHVIsH49Kva7i7GWaWYvmEzkYVk1TC+gZYBEog=="
      },
      "xunit.abstractions": {
        "type": "Transitive",
        "resolved": "2.0.3",
        "contentHash": "pot1I4YOxlWjIb5jmwvvQNbTrZ3lJQ+jUGkGjWE3hEFM0l5gOnBWS+H3qsex68s5cO52g+44vpGzhAt+42vwKg=="
      },
      "xunit.analyzers": {
        "type": "Transitive",
        "resolved": "1.15.0",
        "contentHash": "s+M8K/Rtlgr6CmD7AYQKrNTvT5sh0l0ZKDoZ3Z/ExhlIwfV9mGAMR4f7KqIB7SSK7ZOhqDTgTUMYPmKfmvWUWQ=="
      },
      "xunit.assert": {
        "type": "Transitive",
        "resolved": "2.9.0",
        "contentHash": "Z/1pyia//860wEYTKn6Q5dmgikJdRjgE4t5AoxJkK8oTmidzPLEPG574kmm7LFkMLbH6Frwmgb750kcyR+hwoA=="
      },
      "xunit.core": {
        "type": "Transitive",
        "resolved": "2.9.0",
        "contentHash": "uRaop9tZsZMCaUS4AfbSPGYHtvywWnm8XXFNUqII7ShWyDBgdchY6gyDNgO4AK1Lv/1NNW61Zq63CsDV6oH6Jg==",
        "dependencies": {
          "xunit.extensibility.core": "[2.9.0]",
          "xunit.extensibility.execution": "[2.9.0]"
        }
      },
      "xunit.extensibility.core": {
        "type": "Transitive",
        "resolved": "2.9.0",
        "contentHash": "zjDEUSxsr6UNij4gIwCgMqQox+oLDPRZ+mubwWLci+SssPBFQD1xeRR4SvgBuXqbE0QXCJ/STVTp+lxiB5NLVA==",
        "dependencies": {
          "xunit.abstractions": "2.0.3"
        }
      },
      "xunit.extensibility.execution": {
        "type": "Transitive",
        "resolved": "2.9.0",
        "contentHash": "5ZTQZvmPLlBw6QzCOwM0KnMsZw6eGjbmC176QHZlcbQoMhGIeGcYzYwn5w9yXxf+4phtplMuVqTpTbFDQh2bqQ==",
        "dependencies": {
          "xunit.extensibility.core": "[2.9.0]"
        }
      },
      "erpbridge.admin": {
        "type": "Project",
        "dependencies": {
          "ErpBridge.Shared": "[1.0.0, )"
        }
      },
      "erpbridge.shared": {
        "type": "Project",
        "dependencies": {
          "Microsoft.Extensions.DependencyInjection.Abstractions": "[10.0.11, )"
        }
      }
    }
  }
}